// !$*UTF8*$!
{
	archiveVersion = 1;
	classes = {
	};
	objectVersion = 77;
	objects = {

/* Begin PBXContainerItemProxy section */
		CE139FD72FBEA87A004001AA /* PBXContainerItemProxy */ = {
			isa = PBXContainerItemProxy;
			containerPortal = CE139FBF2FBEA878004001AA /* Project object */;
			proxyType = 1;
			remoteGlobalIDString = CE139FC62FBEA878004001AA;
			remoteInfo = SeventyFiveHard;
		};
		CE139FE12FBEA87A004001AA /* PBXContainerItemProxy */ = {
			isa = PBXContainerItemProxy;
			containerPortal = CE139FBF2FBEA878004001AA /* Project object */;
			proxyType = 1;
			remoteGlobalIDString = CE139FC62FBEA878004001AA;
			remoteInfo = SeventyFiveHard;
		};
/* End PBXContainerItemProxy section */

/* Begin PBXFileReference section */
		CE139FC72FBEA878004001AA /* SeventyFiveHard.app */ = {isa = PBXFileReference; explicitFileType = wrapper.application; includeInIndex = 0; path = SeventyFiveHard.app; sourceTree = BUILT_PRODUCTS_DIR; };
		CE139FD62FBEA87A004001AA /* SeventyFiveHardTests.xctest */ = {isa = PBXFileReference; explicitFileType = wrapper.cfbundle; includeInIndex = 0; path = SeventyFiveHardTests.xctest; sourceTree = BUILT_PRODUCTS_DIR; };
		CE139FE02FBEA87A004001AA /* SeventyFiveHardUITests.xctest */ = {isa = PBXFileReference; explicitFileType = wrapper.cfbundle; includeInIndex = 0; path = SeventyFiveHardUITests.xctest; sourceTree = BUILT_PRODUCTS_DIR; };
/* End PBXFileReference section */

/* Begin PBXFileSystemSynchronizedRootGroup section */
		CE139FC92FBEA878004001AA /* SeventyFiveHard */ = {
			isa = PBXFileSystemSynchronizedRootGroup;
			path = SeventyFiveHard;
			sourceTree = "<group>";
		};
		CE139FD92FBEA87A004001AA /* SeventyFiveHardTests */ = {
			isa = PBXFileSystemSynchronizedRootGroup;
			path = SeventyFiveHardTests;
			sourceTree = "<group>";
		};
		CE139FE32FBEA87A004001AA /* SeventyFiveHardUITests */ = {
			isa = PBXFileSystemSynchronizedRootGroup;
			path = SeventyFiveHardUITests;
			sourceTree = "<group>";
		};
/* End PBXFileSystemSynchronizedRootGroup section */

/* Begin PBXFrameworksBuildPhase section */
		CE139FC42FBEA878004001AA /* Frameworks */ = {
			isa = PBXFrameworksBuildPhase;
			buildActionMask = 2147483647;
			files = (
			);
			runOnlyForDeploymentPostprocessing = 0;
		};
		CE139FD32FBEA87A004001AA /* Frameworks */ = {
			isa = PBXFrameworksBuildPhase;
			buildActionMask = 2147483647;
			files = (
			);
			runOnlyForDeploymentPostprocessing = 0;
		};
		CE139FDD2FBEA87A004001AA /* Frameworks */ = {
			isa = PBXFrameworksBuildPhase;
			buildActionMask = 2147483647;
			files = (
			);
			runOnlyForDeploymentPostprocessing = 0;
		};
/* End PBXFrameworksBuildPhase section */

/* Begin PBXGroup section */
		CE139FBE2FBEA878004001AA = {
			isa = PBXGroup;
			children = (
				CE139FC92FBEA878004001AA /* SeventyFiveHard */,
				CE139FD92FBEA87A004001AA /* SeventyFiveHardTests */,
				CE139FE32FBEA87A004001AA /* SeventyFiveHardUITests */,
				CE139FC82FBEA878004001AA /* Products */,
			);
			sourceTree = "<group>";
		};
		CE139FC82FBEA878004001AA /* Products */ = {
			isa = PBXGroup;
			children = (
				CE139FC72FBEA878004001AA /* SeventyFiveHard.app */,
				CE139FD62FBEA87A004001AA /* SeventyFiveHardTests.xctest */,
				CE139FE02FBEA87A004001AA /* SeventyFiveHardUITests.xctest */,
			);
			name = Products;
			sourceTree = "<group>";
		};
/* End PBXGroup section */

/* Begin PBXNativeTarget section */
		CE139FC62FBEA878004001AA /* SeventyFiveHard */ = {
			isa = PBXNativeTarget;
			buildConfigurationList = CE139FEA2FBEA87A004001AA /* Build configuration list for PBXNativeTarget "SeventyFiveHard" */;
			buildPhases = (
				CE139FC32FBEA878004001AA /* Sources */,
				CE139FC42FBEA878004001AA /* Frameworks */,
				CE139FC52FBEA878004001AA /* Resources */,
			);
			buildRules = (
			);
			dependencies = (
			);
			fileSystemSynchronizedGroups = (
				CE139FC92FBEA878004001AA /* SeventyFiveHard */,
			);
			name = SeventyFiveHard;
			packageProductDependencies = (
			);
			productName = SeventyFiveHard;
			productReference = CE139FC72FBEA878004001AA /* SeventyFiveHard.app */;
			productType = "com.apple.product-type.application";
		};
		CE139FD52FBEA87A004001AA /* SeventyFiveHardTests */ = {
			isa = PBXNativeTarget;
			buildConfigurationList = CE139FED2FBEA87A004001AA /* Build configuration list for PBXNativeTarget "SeventyFiveHardTests" */;
			buildPhases = (
				CE139FD22FBEA87A004001AA /* Sources */,
				CE139FD32FBEA87A004001AA /* Frameworks */,
				CE139FD42FBEA87A004001AA /* Resources */,
			);
			buildRules = (
			);
			dependencies = (
				CE139FD82FBEA87A004001AA /* PBXTargetDependency */,
			);
			fileSystemSynchronizedGroups = (
				CE139FD92FBEA87A004001AA /* SeventyFiveHardTests */,
			);
			name = SeventyFiveHardTests;
			packageProductDependencies = (
			);
			productName = SeventyFiveHardTests;
			productReference = CE139FD62FBEA87A004001AA /* SeventyFiveHardTests.xctest */;
			productType = "com.apple.product-type.bundle.unit-test";
		};
		CE139FDF2FBEA87A004001AA /* SeventyFiveHardUITests */ = {
			isa = PBXNativeTarget;
			buildConfigurationList = CE139FF02FBEA87A004001AA /* Build configuration list for PBXNativeTarget "SeventyFiveHardUITests" */;
			buildPhases = (
				CE139FDC2FBEA87A004001AA /* Sources */,
				CE139FDD2FBEA87A004001AA /* Frameworks */,
				CE139FDE2FBEA87A004001AA /* Resources */,
			);
			buildRules = (
			);
			dependencies = (
				CE139FE22FBEA87A004001AA /* PBXTargetDependency */,
			);
			fileSystemSynchronizedGroups = (
				CE139FE32FBEA87A004001AA /* SeventyFiveHardUITests */,
			);
			name = SeventyFiveHardUITests;
			packageProductDependencies = (
			);
			productName = SeventyFiveHardUITests;
			productReference = CE139FE02FBEA87A004001AA /* SeventyFiveHardUITests.xctest */;
			productType = "com.apple.product-type.bundle.ui-testing";
		};
/* End PBXNativeTarget section */

/* Begin PBXProject section */
		CE139FBF2FBEA878004001AA /* Project object */ = {
			isa = PBXProject;
			attributes = {
				BuildIndependentTargetsInParallel = 1;
				LastSwiftUpdateCheck = 2620;
				LastUpgradeCheck = 2620;
				TargetAttributes = {
					CE139FC62FBEA878004001AA = {
						CreatedOnToolsVersion = 26.2;
					};
					CE139FD52FBEA87A004001AA = {
						CreatedOnToolsVersion = 26.2;
						TestTargetID = CE139FC62FBEA878004001AA;
					};
					CE139FDF2FBEA87A004001AA = {
						CreatedOnToolsVersion = 26.2;
						TestTargetID = CE139FC62FBEA878004001AA;
					};
				};
			};
			buildConfigurationList = CE139FC22FBEA878004001AA /* Build configuration list for PBXProject "SeventyFiveHard" */;
			developmentRegion = en;
			hasScannedForEncodings = 0;
			knownRegions = (
				en,
				Base,
			);
			mainGroup = CE139FBE2FBEA878004001AA;
			minimizedProjectReferenceProxies = 1;
			preferredProjectObjectVersion = 77;
			productRefGroup = CE139FC82FBEA878004001AA /* Products */;
			projectDirPath = "";
			projectRoot = "";
			targets = (
				CE139FC62FBEA878004001AA /* SeventyFiveHard */,
				CE139FD52FBEA87A004001AA /* SeventyFiveHardTests */,
				CE139FDF2FBEA87A004001AA /* SeventyFiveHardUITests */,
			);
		};
/* End PBXProject section */

/* Begin PBXResourcesBuildPhase section */
		CE139FC52FBEA878004001AA /* Resources */ = {
			isa = PBXResourcesBuildPhase;
			buildActionMask = 2147483647;
			files = (
			);
			runOnlyForDeploymentPostprocessing = 0;
		};
		CE139FD42FBEA87A004001AA /* Resources */ = {
			isa = PBXResourcesBuildPhase;
			buildActionMask = 2147483647;
			files = (
			);
			runOnlyForDeploymentPostprocessing = 0;
		};
		CE139FDE2FBEA87A004001AA /* Resources */ = {
			isa = PBXResourcesBuildPhase;
			buildActionMask = 2147483647;
			files = (
			);
			runOnlyForDeploymentPostprocessing = 0;
		};
/* End PBXResourcesBuildPhase section */

/* Begin PBXSourcesBuildPhase section */
		CE139FC32FBEA878004001AA /* Sources */ = {
			isa = PBXSourcesBuildPhase;
			buildActionMask = 2147483647;
			files = (
			);
			runOnlyForDeploymentPostprocessing = 0;
		};
		CE139FD22FBEA87A004001AA /* Sources */ = {
			isa = PBXSourcesBuildPhase;
			buildActionMask = 2147483647;
			files = (
			);
			runOnlyForDeploymentPostprocessing = 0;
		};
		CE139FDC2FBEA87A004001AA /* Sources */ = {
			isa = PBXSourcesBuildPhase;
			buildActionMask = 2147483647;
			files = (
			);
			runOnlyForDeploymentPostprocessing = 0;
		};
/* End PBXSourcesBuildPhase section */

/* Begin PBXTargetDependency section */
		CE139FD82FBEA87A004001AA /* PBXTargetDependency */ = {
			isa = PBXTargetDependency;
			target = CE139FC62FBEA878004001AA /* SeventyFiveHard */;
			targetProxy = CE139FD72FBEA87A004001AA /* PBXContainerItemProxy */;
		};
		CE139FE22FBEA87A004001AA /* PBXTargetDependency */ = {
			isa = PBXTargetDependency;
			target = CE139FC62FBEA878004001AA /* SeventyFiveHard */;
			targetProxy = CE139FE12FBEA87A004001AA /* PBXContainerItemProxy */;
		};
/* End PBXTargetDependency section */

/* Begin XCBuildConfiguration section */
		CE139FE82FBEA87A004001AA /* Debug */ = {
			isa = XCBuildConfiguration;
			buildSettings = {
				ALWAYS_SEARCH_USER_PATHS = NO;
				ASSETCATALOG_COMPILER_GENERATE_SWIFT_ASSET_SYMBOL_EXTENSIONS = YES;
				CLANG_ANALYZER_NONNULL = YES;
				CLANG_ANALYZER_NUMBER_OBJECT_CONVERSION = YES_AGGRESSIVE;
				CLANG_CXX_LANGUAGE_STANDARD = "gnu++20";
				CLANG_ENABLE_MODULES = YES;
				CLANG_ENABLE_OBJC_ARC = YES;
				CLANG_ENABLE_OBJC_WEAK = YES;
				CLANG_WARN_BLOCK_CAPTURE_AUTORELEASING = YES;
				CLANG_WARN_BOOL_CONVERSION = YES;
				CLANG_WARN_COMMA = YES;
				CLANG_WARN_CONSTANT_CONVERSION = YES;
				CLANG_WARN_DEPRECATED_OBJC_IMPLEMENTATIONS = YES;
				CLANG_WARN_DIRECT_OBJC_ISA_USAGE = YES_ERROR;
				CLANG_WARN_DOCUMENTATION_COMMENTS = YES;
				CLANG_WARN_EMPTY_BODY = YES;
				CLANG_WARN_ENUM_CONVERSION = YES;
				CLANG_WARN_INFINITE_RECURSION = YES;
				CLANG_WARN_INT_CONVERSION = YES;
				CLANG_WARN_NON_LITERAL_NULL_CONVERSION = YES;
				CLANG_WARN_OBJC_IMPLICIT_RETAIN_SELF = YES;
				CLANG_WARN_OBJC_LITERAL_CONVERSION = YES;
				CLANG_WARN_OBJC_ROOT_CLASS = YES_ERROR;
				CLANG_WARN_QUOTED_INCLUDE_IN_FRAMEWORK_HEADER = YES;
				CLANG_WARN_RANGE_LOOP_ANALYSIS = YES;
				CLANG_WARN_STRICT_PROTOTYPES = YES;
				CLANG_WARN_SUSPICIOUS_MOVE = YES;
				CLANG_WARN_UNGUARDED_AVAILABILITY = YES_AGGRESSIVE;
				CLANG_WARN_UNREACHABLE_CODE = YES;
				CLANG_WARN__DUPLICATE_METHOD_MATCH = YES;
				COPY_PHASE_STRIP = NO;
				DEBUG_INFORMATION_FORMAT = dwarf;
				ENABLE_STRICT_OBJC_MSGSEND = YES;
				ENABLE_TESTABILITY = YES;
				ENABLE_USER_SCRIPT_SANDBOXING = YES;
				GCC_C_LANGUAGE_STANDARD = gnu17;
				GCC_DYNAMIC_NO_PIC = NO;
				GCC_NO_COMMON_BLOCKS = YES;
				GCC_OPTIMIZATION_LEVEL = 0;
				GCC_PREPROCESSOR_DEFINITIONS = (
					"DEBUG=1",
					"$(inherited)",
				);
				GCC_WARN_64_TO_32_BIT_CONVERSION = YES;
				GCC_WARN_ABOUT_RETURN_TYPE = YES_ERROR;
				GCC_WARN_UNDECLARED_SELECTOR = YES;
				GCC_WARN_UNINITIALIZED_AUTOS = YES_AGGRESSIVE;
				GCC_WARN_UNUSED_FUNCTION = YES;
				GCC_WARN_UNUSED_VARIABLE = YES;
				IPHONEOS_DEPLOYMENT_TARGET = 18.0;
				LOCALIZATION_PREFERS_STRING_CATALOGS = YES;
				MTL_ENABLE_DEBUG_INFO = INCLUDE_SOURCE;
				MTL_FAST_MATH = YES;
				ONLY_ACTIVE_ARCH = YES;
				SDKROOT = iphoneos;
				SWIFT_ACTIVE_COMPILATION_CONDITIONS = "DEBUG $(inherited)";
				SWIFT_OPTIMIZATION_LEVEL = "-Onone";
			};
			name = Debug;
		};
		CE139FE92FBEA87A004001AA /* Release */ = {
			isa = XCBuildConfiguration;
			buildSettings = {
				ALWAYS_SEARCH_USER_PATHS = NO;
				ASSETCATALOG_COMPILER_GENERATE_SWIFT_ASSET_SYMBOL_EXTENSIONS = YES;
				CLANG_ANALYZER_NONNULL = YES;
				CLANG_ANALYZER_NUMBER_OBJECT_CONVERSION = YES_AGGRESSIVE;
				CLANG_CXX_LANGUAGE_STANDARD = "gnu++20";
				CLANG_ENABLE_MODULES = YES;
				CLANG_ENABLE_OBJC_ARC = YES;
				CLANG_ENABLE_OBJC_WEAK = YES;
				CLANG_WARN_BLOCK_CAPTURE_AUTORELEASING = YES;
				CLANG_WARN_BOOL_CONVERSION = YES;
				CLANG_WARN_COMMA = YES;
				CLANG_WARN_CONSTANT_CONVERSION = YES;
				CLANG_WARN_DEPRECATED_OBJC_IMPLEMENTATIONS = YES;
				CLANG_WARN_DIRECT_OBJC_ISA_USAGE = YES_ERROR;
				CLANG_WARN_DOCUMENTATION_COMMENTS = YES;
				CLANG_WARN_EMPTY_BODY = YES;
				CLANG_WARN_ENUM_CONVERSION = YES;
				CLANG_WARN_INFINITE_RECURSION = YES;
				CLANG_WARN_INT_CONVERSION = YES;
				CLANG_WARN_NON_LITERAL_NULL_CONVERSION = YES;
				CLANG_WARN_OBJC_IMPLICIT_RETAIN_SELF = YES;
				CLANG_WARN_OBJC_LITERAL_CONVERSION = YES;
				CLANG_WARN_OBJC_ROOT_CLASS = YES_ERROR;
				CLANG_WARN_QUOTED_INCLUDE_IN_FRAMEWORK_HEADER = YES;
				CLANG_WARN_RANGE_LOOP_ANALYSIS = YES;
				CLANG_WARN_STRICT_PROTOTYPES = YES;
				CLANG_WARN_SUSPICIOUS_MOVE = YES;
				CLANG_WARN_UNGUARDED_AVAILABILITY = YES_AGGRESSIVE;
				CLANG_WARN_UNREACHABLE_CODE = YES;
				CLANG_WARN__DUPLICATE_METHOD_MATCH = YES;
				COPY_PHASE_STRIP = NO;
				DEBUG_INFORMATION_FORMAT = "dwarf-with-dsym";
				ENABLE_NS_ASSERTIONS = NO;
				ENABLE_STRICT_OBJC_MSGSEND = YES;
				ENABLE_USER_SCRIPT_SANDBOXING = YES;
				GCC_C_LANGUAGE_STANDARD = gnu17;
				GCC_NO_COMMON_BLOCKS = YES;
				GCC_WARN_64_TO_32_BIT_CONVERSION = YES;
				GCC_WARN_ABOUT_RETURN_TYPE = YES_ERROR;
				GCC_WARN_UNDECLARED_SELECTOR = YES;
				GCC_WARN_UNINITIALIZED_AUTOS = YES_AGGRESSIVE;
				GCC_WARN_UNUSED_FUNCTION = YES;
				GCC_WARN_UNUSED_VARIABLE = YES;
				IPHONEOS_DEPLOYMENT_TARGET = 18.0;
				LOCALIZATION_PREFERS_STRING_CATALOGS = YES;
				MTL_ENABLE_DEBUG_INFO = NO;
				MTL_FAST_MATH = YES;
				SDKROOT = iphoneos;
				SWIFT_COMPILATION_MODE = wholemodule;
				VALIDATE_PRODUCT = YES;
			};
			name = Release;
		};
		CE139FEB2FBEA87A004001AA /* Debug */ = {
			isa = XCBuildConfiguration;
			buildSettings = {
				ASSETCATALOG_COMPILER_ALTERNATE_APPICON_NAMES = "AppIconDay01 AppIconDay02";
				ASSETCATALOG_COMPILER_APPICON_NAME = AppIcon;
				ASSETCATALOG_COMPILER_GLOBAL_ACCENT_COLOR_NAME = AccentColor;
				ASSETCATALOG_COMPILER_INCLUDE_ALL_APPICON_ASSETS = YES;
				CODE_SIGN_ENTITLEMENTS = SeventyFiveHard/SeventyFiveHard.entitlements;
				CODE_SIGN_STYLE = Automatic;
				CURRENT_PROJECT_VERSION = 1;
				DEVELOPMENT_TEAM = 84A68LWQ7C;
				ENABLE_PREVIEWS = YES;
				GENERATE_INFOPLIST_FILE = YES;
				INFOPLIST_KEY_CFBundleDisplayName = "75 Hard";
				INFOPLIST_KEY_NSCameraUsageDescription = "75 Hard uses the camera to take your daily progress photos.";
				INFOPLIST_KEY_NSHealthShareUsageDescription = "75 Hard reads your water intake from Apple Health to auto-track your daily gallon goal.";
				INFOPLIST_KEY_UIApplicationSceneManifest_Generation = YES;
				INFOPLIST_KEY_UIApplicationSupportsIndirectInputEvents = YES;
				INFOPLIST_KEY_UILaunchScreen_Generation = YES;
				INFOPLIST_KEY_UISupportedInterfaceOrientations_iPad = "UIInterfaceOrientationPortrait UIInterfaceOrientationPortraitUpsideDown UIInterfaceOrientationLandscapeLeft UIInterfaceOrientationLandscapeRight";
				INFOPLIST_KEY_UISupportedInterfaceOrientations_iPhone = "UIInterfaceOrientationPortrait UIInterfaceOrientationLandscapeLeft UIInterfaceOrientationLandscapeRight";
				LD_RUNPATH_SEARCH_PATHS = (
					"$(inherited)",
					"@executable_path/Frameworks",
				);
				MARKETING_VERSION = 1.0;
				PRODUCT_BUNDLE_IDENTIFIER = com.shounak.SeventyFiveHard;
				PRODUCT_NAME = "$(TARGET_NAME)";
				STRING_CATALOG_GENERATE_SYMBOLS = YES;
				SWIFT_APPROACHABLE_CONCURRENCY = YES;
				SWIFT_DEFAULT_ACTOR_ISOLATION = MainActor;
				SWIFT_EMIT_LOC_STRINGS = YES;
				SWIFT_UPCOMING_FEATURE_MEMBER_IMPORT_VISIBILITY = YES;
				SWIFT_VERSION = 5.0;
				TARGETED_DEVICE_FAMILY = "1,2";
			};
			name = Debug;
		};
		CE139FEC2FBEA87A004001AA /* Release */ = {
			isa = XCBuildConfiguration;
			buildSettings = {
				ASSETCATALOG_COMPILER_ALTERNATE_APPICON_NAMES = "AppIconDay01 AppIconDay02";
				ASSETCATALOG_COMPILER_APPICON_NAME = AppIcon;
				ASSETCATALOG_COMPILER_GLOBAL_ACCENT_COLOR_NAME = AccentColor;
				ASSETCATALOG_COMPILER_INCLUDE_ALL_APPICON_ASSETS = YES;
				CODE_SIGN_ENTITLEMENTS = SeventyFiveHard/SeventyFiveHard.entitlements;
				CODE_SIGN_STYLE = Automatic;
				CURRENT_PROJECT_VERSION = 1;
				DEVELOPMENT_TEAM = 84A68LWQ7C;
				ENABLE_PREVIEWS = YES;
				GENERATE_INFOPLIST_FILE = YES;
				INFOPLIST_KEY_CFBundleDisplayName = "75 Hard";
				INFOPLIST_KEY_NSCameraUsageDescription = "75 Hard uses the camera to take your daily progress photos.";
				INFOPLIST_KEY_NSHealthShareUsageDescription = "75 Hard reads your water intake from Apple Health to auto-track your daily gallon goal.";
				INFOPLIST_KEY_UIApplicationSceneManifest_Generation = YES;
				INFOPLIST_KEY_UIApplicationSupportsIndirectInputEvents = YES;
				INFOPLIST_KEY_UILaunchScreen_Generation = YES;
				INFOPLIST_KEY_UISupportedInterfaceOrientations_iPad = "UIInterfaceOrientationPortrait UIInterfaceOrientationPortraitUpsideDown UIInterfaceOrientationLandscapeLeft UIInterfaceOrientationLandscapeRight";
				INFOPLIST_KEY_UISupportedInterfaceOrientations_iPhone = "UIInterfaceOrientationPortrait UIInterfaceOrientationLandscapeLeft UIInterfaceOrientationLandscapeRight";
				LD_RUNPATH_SEARCH_PATHS = (
					"$(inherited)",
					"@executable_path/Frameworks",
				);
				MARKETING_VERSION = 1.0;
				PRODUCT_BUNDLE_IDENTIFIER = com.shounak.SeventyFiveHard;
				PRODUCT_NAME = "$(TARGET_NAME)";
				STRING_CATALOG_GENERATE_SYMBOLS = YES;
				SWIFT_APPROACHABLE_CONCURRENCY = YES;
				SWIFT_DEFAULT_ACTOR_ISOLATION = MainActor;
				SWIFT_EMIT_LOC_STRINGS = YES;
				SWIFT_UPCOMING_FEATURE_MEMBER_IMPORT_VISIBILITY = YES;
				SWIFT_VERSION = 5.0;
				TARGETED_DEVICE_FAMILY = "1,2";
			};
			name = Release;
		};
		CE139FEE2FBEA87A004001AA /* Debug */ = {
			isa = XCBuildConfiguration;
			buildSettings = {
				BUNDLE_LOADER = "$(TEST_HOST)";
				CODE_SIGN_STYLE = Automatic;
				CURRENT_PROJECT_VERSION = 1;
				GENERATE_INFOPLIST_FILE = YES;
				IPHONEOS_DEPLOYMENT_TARGET = 18.0;
				MARKETING_VERSION = 1.0;
				PRODUCT_BUNDLE_IDENTIFIER = com.shounak.SeventyFiveHardTests;
				PRODUCT_NAME = "$(TARGET_NAME)";
				STRING_CATALOG_GENERATE_SYMBOLS = NO;
				SWIFT_APPROACHABLE_CONCURRENCY = YES;
				SWIFT_EMIT_LOC_STRINGS = NO;
				SWIFT_UPCOMING_FEATURE_MEMBER_IMPORT_VISIBILITY = YES;
				SWIFT_VERSION = 5.0;
				TARGETED_DEVICE_FAMILY = "1,2";
				TEST_HOST = "$(BUILT_PRODUCTS_DIR)/SeventyFiveHard.app/$(BUNDLE_EXECUTABLE_FOLDER_PATH)/SeventyFiveHard";
			};
			name = Debug;
		};
		CE139FEF2FBEA87A004001AA /* Release */ = {
			isa = XCBuildConfiguration;
			buildSettings = {
				BUNDLE_LOADER = "$(TEST_HOST)";
				CODE_SIGN_STYLE = Automatic;
				CURRENT_PROJECT_VERSION = 1;
				GENERATE_INFOPLIST_FILE = YES;
				IPHONEOS_DEPLOYMENT_TARGET = 18.0;
				MARKETING_VERSION = 1.0;
				PRODUCT_BUNDLE_IDENTIFIER = com.shounak.SeventyFiveHardTests;
				PRODUCT_NAME = "$(TARGET_NAME)";
				STRING_CATALOG_GENERATE_SYMBOLS = NO;
				SWIFT_APPROACHABLE_CONCURRENCY = YES;
				SWIFT_EMIT_LOC_STRINGS = NO;
				SWIFT_UPCOMING_FEATURE_MEMBER_IMPORT_VISIBILITY = YES;
				SWIFT_VERSION = 5.0;
				TARGETED_DEVICE_FAMILY = "1,2";
				TEST_HOST = "$(BUILT_PRODUCTS_DIR)/SeventyFiveHard.app/$(BUNDLE_EXECUTABLE_FOLDER_PATH)/SeventyFiveHard";
			};
			name = Release;
		};
		CE139FF12FBEA87A004001AA /* Debug */ = {
			isa = XCBuildConfiguration;
			buildSettings = {
				CODE_SIGN_STYLE = Automatic;
				CURRENT_PROJECT_VERSION = 1;
				GENERATE_INFOPLIST_FILE = YES;
				MARKETING_VERSION = 1.0;
				PRODUCT_BUNDLE_IDENTIFIER = com.shounak.SeventyFiveHardUITests;
				PRODUCT_NAME = "$(TARGET_NAME)";
				STRING_CATALOG_GENERATE_SYMBOLS = NO;
				SWIFT_APPROACHABLE_CONCURRENCY = YES;
				SWIFT_EMIT_LOC_STRINGS = NO;
				SWIFT_UPCOMING_FEATURE_MEMBER_IMPORT_VISIBILITY = YES;
				SWIFT_VERSION = 5.0;
				TARGETED_DEVICE_FAMILY = "1,2";
				TEST_TARGET_NAME = SeventyFiveHard;
			};
			name = Debug;
		};
		CE139FF22FBEA87A004001AA /* Release */ = {
			isa = XCBuildConfiguration;
			buildSettings = {
				CODE_SIGN_STYLE = Automatic;
				CURRENT_PROJECT_VERSION = 1;
				GENERATE_INFOPLIST_FILE = YES;
				MARKETING_VERSION = 1.0;
				PRODUCT_BUNDLE_IDENTIFIER = com.shounak.SeventyFiveHardUITests;
				PRODUCT_NAME = "$(TARGET_NAME)";
				STRING_CATALOG_GENERATE_SYMBOLS = NO;
				SWIFT_APPROACHABLE_CONCURRENCY = YES;
				SWIFT_EMIT_LOC_STRINGS = NO;
				SWIFT_UPCOMING_FEATURE_MEMBER_IMPORT_VISIBILITY = YES;
				SWIFT_VERSION = 5.0;
				TARGETED_DEVICE_FAMILY = "1,2";
				TEST_TARGET_NAME = SeventyFiveHard;
			};
			name = Release;
		};
/* End XCBuildConfiguration section */

/* Begin XCConfigurationList section */
		CE139FC22FBEA878004001AA /* Build configuration list for PBXProject "SeventyFiveHard" */ = {
			isa = XCConfigurationList;
			buildConfigurations = (
				CE139FE82FBEA87A004001AA /* Debug */,
				CE139FE92FBEA87A004001AA /* Release */,
			);
			defaultConfigurationIsVisible = 0;
			defaultConfigurationName = Release;
		};
		CE139FEA2FBEA87A004001AA /* Build configuration list for PBXNativeTarget "SeventyFiveHard" */ = {
			isa = XCConfigurationList;
			buildConfigurations = (
				CE139FEB2FBEA87A004001AA /* Debug */,
				CE139FEC2FBEA87A004001AA /* Release */,
			);
			defaultConfigurationIsVisible = 0;
			defaultConfigurationName = Release;
		};
		CE139FED2FBEA87A004001AA /* Build configuration list for PBXNativeTarget "SeventyFiveHardTests" */ = {
			isa = XCConfigurationList;
			buildConfigurations = (
				CE139FEE2FBEA87A004001AA /* Debug */,
				CE139FEF2FBEA87A004001AA /* Release */,
			);
			defaultConfigurationIsVisible = 0;
			defaultConfigurationName = Release;
		};
		CE139FF02FBEA87A004001AA /* Build configuration list for PBXNativeTarget "SeventyFiveHardUITests" */ = {
			isa = XCConfigurationList;
			buildConfigurations = (
				CE139FF12FBEA87A004001AA /* Debug */,
				CE139FF22FBEA87A004001AA /* Release */,
			);
			defaultConfigurationIsVisible = 0;
			defaultConfigurationName = Release;
		};
/* End XCConfigurationList section */
	};
	rootObject = CE139FBF2FBEA878004001AA /* Project object */;
}
